
Microsoft Visual Studio Solution File, Format Version 12.00
# Visual Studio Version 16
VisualStudioVersion = 16.0.28315.86
MinimumVisualStudioVersion = 10.0.40219.1
Project("{2150E333-8FDC-42A3-9474-1A3956D46DE8}") = "Engine", "Engine", "{94A6C6F3-99B3-346E-9557-ABF9D4064DBD}"
EndProject
Project("{2150E333-8FDC-42A3-9474-1A3956D46DE8}") = "Games", "Games", "{8E2F6A87-1826-34F4-940C-CC23A48F9FE4}"
EndProject
Project("{8BC9CEB8-8B4A-11D0-8D11-00A0C91BC942}") = "UE4", "Intermediate\ProjectFiles\UE4.vcxproj", "{E7BE19F2-4A44-4DBF-A8AA-4632705BA442}"
EndProject
Project("{8BC9CEB8-8B4A-11D0-8D11-00A0C91BC942}") = "OVFP426", "Intermediate\ProjectFiles\OVFP426.vcxproj", "{209B0307-8F32-4CCD-B50C-4C5771E14A73}"
EndProject
Project("{2150E333-8FDC-42A3-9474-1A3956D46DE8}") = "Visualizers", "Visualizers", "{1CCEC849-CC72-4C59-8C36-2F7C38706D4C}"
	ProjectSection(SolutionItems) = preProject
		C:\Program Files\Epic Games\UE_4.26\Engine\Extras\VisualStudioDebugging\UE4.natvis = C:\Program Files\Epic Games\UE_4.26\Engine\Extras\VisualStudioDebugging\UE4.natvis
	EndProjectSection
EndProject
Global
	GlobalSection(SolutionConfigurationPlatforms) = preSolution
		DebugGame Editor|HoloLens = DebugGame Editor|HoloLens
		DebugGame Editor|Win32 = DebugGame Editor|Win32
		DebugGame Editor|Win64 = DebugGame Editor|Win64
		DebugGame|HoloLens = DebugGame|HoloLens
		DebugGame|Win32 = DebugGame|Win32
		DebugGame|Win64 = DebugGame|Win64
		Development Editor|HoloLens = Development Editor|HoloLens
		Development Editor|Win32 = Development Editor|Win32
		Development Editor|Win64 = Development Editor|Win64
		Development|HoloLens = Development|HoloLens
		Development|Win32 = Development|Win32
		Development|Win64 = Development|Win64
		Shipping|HoloLens = Shipping|HoloLens
		Shipping|Win32 = Shipping|Win32
		Shipping|Win64 = Shipping|Win64
	EndGlobalSection
	GlobalSection(ProjectConfigurationPlatforms) = postSolution
		{E7BE19F2-4A44-4DBF-A8AA-4632705BA442}.DebugGame Editor|HoloLens.ActiveCfg = BuiltWithUnrealBuildTool|Win32
		{E7BE19F2-4A44-4DBF-A8AA-4632705BA442}.DebugGame Editor|Win32.ActiveCfg = BuiltWithUnrealBuildTool|Win32
		{E7BE19F2-4A44-4DBF-A8AA-4632705BA442}.DebugGame Editor|Win64.ActiveCfg = BuiltWithUnrealBuildTool|Win32
		{E7BE19F2-4A44-4DBF-A8AA-4632705BA442}.DebugGame|HoloLens.ActiveCfg = BuiltWithUnrealBuildTool|Win32
		{E7BE19F2-4A44-4DBF-A8AA-4632705BA442}.DebugGame|Win32.ActiveCfg = BuiltWithUnrealBuildTool|Win32
		{E7BE19F2-4A44-4DBF-A8AA-4632705BA442}.DebugGame|Win64.ActiveCfg = BuiltWithUnrealBuildTool|Win32
		{E7BE19F2-4A44-4DBF-A8AA-4632705BA442}.Development Editor|HoloLens.ActiveCfg = BuiltWithUnrealBuildTool|Win32
		{E7BE19F2-4A44-4DBF-A8AA-4632705BA442}.Development Editor|Win32.ActiveCfg = BuiltWithUnrealBuildTool|Win32
		{E7BE19F2-4A44-4DBF-A8AA-4632705BA442}.Development Editor|Win64.ActiveCfg = BuiltWithUnrealBuildTool|Win32
		{E7BE19F2-4A44-4DBF-A8AA-4632705BA442}.Development|HoloLens.ActiveCfg = BuiltWithUnrealBuildTool|Win32
		{E7BE19F2-4A44-4DBF-A8AA-4632705BA442}.Development|Win32.ActiveCfg = BuiltWithUnrealBuildTool|Win32
		{E7BE19F2-4A44-4DBF-A8AA-4632705BA442}.Development|Win64.ActiveCfg = BuiltWithUnrealBuildTool|Win32
		{E7BE19F2-4A44-4DBF-A8AA-4632705BA442}.Shipping|HoloLens.ActiveCfg = BuiltWithUnrealBuildTool|Win32
		{E7BE19F2-4A44-4DBF-A8AA-4632705BA442}.Shipping|Win32.ActiveCfg = BuiltWithUnrealBuildTool|Win32
		{E7BE19F2-4A44-4DBF-A8AA-4632705BA442}.Shipping|Win64.ActiveCfg = BuiltWithUnrealBuildTool|Win32
		{209B0307-8F32-4CCD-B50C-4C5771E14A73}.DebugGame Editor|HoloLens.ActiveCfg = Invalid|Win32
		{209B0307-8F32-4CCD-B50C-4C5771E14A73}.DebugGame Editor|Win32.ActiveCfg = Invalid|Win32
		{209B0307-8F32-4CCD-B50C-4C5771E14A73}.DebugGame Editor|Win64.ActiveCfg = DebugGame_Editor|x64
		{209B0307-8F32-4CCD-B50C-4C5771E14A73}.DebugGame Editor|Win64.Build.0 = DebugGame_Editor|x64
		{209B0307-8F32-4CCD-B50C-4C5771E14A73}.DebugGame|HoloLens.ActiveCfg = DebugGame|arm64
		{209B0307-8F32-4CCD-B50C-4C5771E14A73}.DebugGame|HoloLens.Build.0 = DebugGame|arm64
		{209B0307-8F32-4CCD-B50C-4C5771E14A73}.DebugGame|HoloLens.Deploy.0 = DebugGame|arm64
		{209B0307-8F32-4CCD-B50C-4C5771E14A73}.DebugGame|Win32.ActiveCfg = DebugGame|Win32
		{209B0307-8F32-4CCD-B50C-4C5771E14A73}.DebugGame|Win32.Build.0 = DebugGame|Win32
		{209B0307-8F32-4CCD-B50C-4C5771E14A73}.DebugGame|Win64.ActiveCfg = DebugGame|x64
		{209B0307-8F32-4CCD-B50C-4C5771E14A73}.DebugGame|Win64.Build.0 = DebugGame|x64
		{209B0307-8F32-4CCD-B50C-4C5771E14A73}.Development Editor|HoloLens.ActiveCfg = Invalid|Win32
		{209B0307-8F32-4CCD-B50C-4C5771E14A73}.Development Editor|Win32.ActiveCfg = Invalid|Win32
		{209B0307-8F32-4CCD-B50C-4C5771E14A73}.Development Editor|Win64.ActiveCfg = Development_Editor|x64
		{209B0307-8F32-4CCD-B50C-4C5771E14A73}.Development Editor|Win64.Build.0 = Development_Editor|x64
		{209B0307-8F32-4CCD-B50C-4C5771E14A73}.Development|HoloLens.ActiveCfg = Development|arm64
		{209B0307-8F32-4CCD-B50C-4C5771E14A73}.Development|HoloLens.Build.0 = Development|arm64
		{209B0307-8F32-4CCD-B50C-4C5771E14A73}.Development|HoloLens.Deploy.0 = Development|arm64
		{209B0307-8F32-4CCD-B50C-4C5771E14A73}.Development|Win32.ActiveCfg = Development|Win32
		{209B0307-8F32-4CCD-B50C-4C5771E14A73}.Development|Win32.Build.0 = Development|Win32
		{209B0307-8F32-4CCD-B50C-4C5771E14A73}.Development|Win64.ActiveCfg = Development|x64
		{209B0307-8F32-4CCD-B50C-4C5771E14A73}.Development|Win64.Build.0 = Development|x64
		{209B0307-8F32-4CCD-B50C-4C5771E14A73}.Shipping|HoloLens.ActiveCfg = Shipping|arm64
		{209B0307-8F32-4CCD-B50C-4C5771E14A73}.Shipping|HoloLens.Build.0 = Shipping|arm64
		{209B0307-8F32-4CCD-B50C-4C5771E14A73}.Shipping|HoloLens.Deploy.0 = Shipping|arm64
		{209B0307-8F32-4CCD-B50C-4C5771E14A73}.Shipping|Win32.ActiveCfg = Shipping|Win32
		{209B0307-8F32-4CCD-B50C-4C5771E14A73}.Shipping|Win32.Build.0 = Shipping|Win32
		{209B0307-8F32-4CCD-B50C-4C5771E14A73}.Shipping|Win64.ActiveCfg = Shipping|x64
		{209B0307-8F32-4CCD-B50C-4C5771E14A73}.Shipping|Win64.Build.0 = Shipping|x64
	EndGlobalSection
	GlobalSection(SolutionProperties) = preSolution
		HideSolutionNode = FALSE
	EndGlobalSection
	GlobalSection(NestedProjects) = preSolution
		{E7BE19F2-4A44-4DBF-A8AA-4632705BA442} = {94A6C6F3-99B3-346E-9557-ABF9D4064DBD}
		{209B0307-8F32-4CCD-B50C-4C5771E14A73} = {8E2F6A87-1826-34F4-940C-CC23A48F9FE4}
	EndGlobalSection
EndGlobal
